
Microsoft Visual Studio Solution File, Format Version 12.00
# Visual Studio Version 17
VisualStudioVersion = 17.3.32804.467
MinimumVisualStudioVersion = 10.0.40219.1
Project("{FAE04EC0-301F-11D3-BF4B-00C04F79EFBC}") = "MSSQL Search Tool", "MSSQL Search Tool\MSSQL Search Tool.csproj", "{497033C4-9884-48B2-9F6F-F995455DAAAA}"
EndProject
Global
	GlobalSection(SolutionConfigurationPlatforms) = preSolution
		Debug|Any CPU = Debug|Any CPU
		Release|Any CPU = Release|Any CPU
	EndGlobalSection
	GlobalSection(ProjectConfigurationPlatforms) = postSolution
		{497033C4-9884-48B2-9F6F-F995455DAAAA}.Debug|Any CPU.ActiveCfg = Debug|Any CPU
		{497033C4-9884-48B2-9F6F-F995455DAAAA}.Debug|Any CPU.Build.0 = Debug|Any CPU
		{497033C4-9884-48B2-9F6F-F995455DAAAA}.Release|Any CPU.ActiveCfg = Release|Any CPU
		{497033C4-9884-48B2-9F6F-F995455DAAAA}.Release|Any CPU.Build.0 = Release|Any CPU
	EndGlobalSection
	GlobalSection(SolutionProperties) = preSolution
		HideSolutionNode = FALSE
	EndGlobalSection
	GlobalSection(ExtensibilityGlobals) = postSolution
		SolutionGuid = {C700A198-8F44-4EDE-8C0B-3C3012DEAA18}
	EndGlobalSection
EndGlobal
